github.com/bitwormhole/starter v0.0.53 h1:xurI3CD9/10+vGA3mM9r7ZU9aaV6VRjp1t5d4MY4tYc=
github.com/bitwormhole/starter v0.0.53/go.mod h1:3/UtKB8VwcmR5xf8mx4V7vgGLaej89LaoT+KuJKWL60=
github.com/bitwormhole/starter v0.0.64 h1:jw5PTnANSZkl6FseGMYpDDSiiW2tuauFyg9RfSbYkQE=
github.com/bitwormhole/starter v0.0.64/go.mod h1:3/UtKB8VwcmR5xf8mx4V7vgGLaej89LaoT+KuJKWL60=
